
Microsoft Visual Studio Solution File, Format Version 12.00
# Visual Studio Version 18
VisualStudioVersion = 18.5.11716.220 stable
MinimumVisualStudioVersion = 10.0.40219.1
Project("{FAE04EC0-301F-11D3-BF4B-00C04F79EFBC}") = "GymApi.Api", "GymApi.Api\GymApi.Api.csproj", "{B4659028-A8B5-4312-B854-0D7914DF3440}"
EndProject
Project("{FAE04EC0-301F-11D3-BF4B-00C04F79EFBC}") = "GymApi.Domain", "GymApi.Domain\GymApi.Domain.csproj", "{458D1F35-3853-4507-9E32-E5CA58470226}"
EndProject
Project("{FAE04EC0-301F-11D3-BF4B-00C04F79EFBC}") = "GymApi.Application", "GymApi.Application\GymApi.Application.csproj", "{DC3F5BCE-A7A9-4991-B86C-07273C817D4E}"
EndProject
Project("{FAE04EC0-301F-11D3-BF4B-00C04F79EFBC}") = "GymApi.Tests", "GymApi.Tests\GymApi.Tests.csproj", "{BD6CA5DC-E552-451F-BFA2-74F0C70B01A2}"
EndProject
Project("{FAE04EC0-301F-11D3-BF4B-00C04F79EFBC}") = "GymApi.Infrastructure", "GymApi.Infrastructure\GymApi.Infrastructure.csproj", "{E8D3F5B1-A9E9-4F91-B86C-07273C817D4E}"
EndProject
Project("{2150E333-8FDC-42A3-9474-1A3956D46DE8}") = "Etc", "Etc", "{A60CBFFB-F950-4A25-B1CD-486EEC2D1A64}"
	ProjectSection(SolutionItems) = preProject
		.editorconfig = .editorconfig
		Documents\InitialTask.txt = Documents\InitialTask.txt
		LICENSE = LICENSE
		PublishMe.ps1 = PublishMe.ps1
		README.md = README.md
	EndProjectSection
EndProject
Project("{2150E333-8FDC-42A3-9474-1A3956D46DE8}") = "Documents", "Documents", "{6BDA2DF1-1B33-4F76-9DBB-C156EE6EAD1F}"
	ProjectSection(SolutionItems) = preProject
		Documents\InitialTask.txt = Documents\InitialTask.txt
		Documents\supabase_implementation_plan.svg = Documents\supabase_implementation_plan.svg
		Documents\tdd_implementation_roadmap.svg = Documents\tdd_implementation_roadmap.svg
	EndProjectSection
EndProject
Global
	GlobalSection(SolutionConfigurationPlatforms) = preSolution
		Debug|Any CPU = Debug|Any CPU
		Debug|x64 = Debug|x64
		Debug|x86 = Debug|x86
		Release|Any CPU = Release|Any CPU
		Release|x64 = Release|x64
		Release|x86 = Release|x86
	EndGlobalSection
	GlobalSection(ProjectConfigurationPlatforms) = postSolution
		{B4659028-A8B5-4312-B854-0D7914DF3440}.Debug|Any CPU.ActiveCfg = Debug|Any CPU
		{B4659028-A8B5-4312-B854-0D7914DF3440}.Debug|Any CPU.Build.0 = Debug|Any CPU
		{B4659028-A8B5-4312-B854-0D7914DF3440}.Debug|x64.ActiveCfg = Debug|Any CPU
		{B4659028-A8B5-4312-B854-0D7914DF3440}.Debug|x64.Build.0 = Debug|Any CPU
		{B4659028-A8B5-4312-B854-0D7914DF3440}.Debug|x86.ActiveCfg = Debug|Any CPU
		{B4659028-A8B5-4312-B854-0D7914DF3440}.Debug|x86.Build.0 = Debug|Any CPU
		{B4659028-A8B5-4312-B854-0D7914DF3440}.Release|Any CPU.ActiveCfg = Release|Any CPU
		{B4659028-A8B5-4312-B854-0D7914DF3440}.Release|Any CPU.Build.0 = Release|Any CPU
		{B4659028-A8B5-4312-B854-0D7914DF3440}.Release|x64.ActiveCfg = Release|Any CPU
		{B4659028-A8B5-4312-B854-0D7914DF3440}.Release|x64.Build.0 = Release|Any CPU
		{B4659028-A8B5-4312-B854-0D7914DF3440}.Release|x86.ActiveCfg = Release|Any CPU
		{B4659028-A8B5-4312-B854-0D7914DF3440}.Release|x86.Build.0 = Release|Any CPU
		{458D1F35-3853-4507-9E32-E5CA58470226}.Debug|Any CPU.ActiveCfg = Debug|Any CPU
		{458D1F35-3853-4507-9E32-E5CA58470226}.Debug|Any CPU.Build.0 = Debug|Any CPU
		{458D1F35-3853-4507-9E32-E5CA58470226}.Debug|x64.ActiveCfg = Debug|Any CPU
		{458D1F35-3853-4507-9E32-E5CA58470226}.Debug|x64.Build.0 = Debug|Any CPU
		{458D1F35-3853-4507-9E32-E5CA58470226}.Debug|x86.ActiveCfg = Debug|Any CPU
		{458D1F35-3853-4507-9E32-E5CA58470226}.Debug|x86.Build.0 = Debug|Any CPU
		{458D1F35-3853-4507-9E32-E5CA58470226}.Release|Any CPU.ActiveCfg = Release|Any CPU
		{458D1F35-3853-4507-9E32-E5CA58470226}.Release|Any CPU.Build.0 = Release|Any CPU
		{458D1F35-3853-4507-9E32-E5CA58470226}.Release|x64.ActiveCfg = Release|Any CPU
		{458D1F35-3853-4507-9E32-E5CA58470226}.Release|x64.Build.0 = Release|Any CPU
		{458D1F35-3853-4507-9E32-E5CA58470226}.Release|x86.ActiveCfg = Release|Any CPU
		{458D1F35-3853-4507-9E32-E5CA58470226}.Release|x86.Build.0 = Release|Any CPU
		{DC3F5BCE-A7A9-4991-B86C-07273C817D4E}.Debug|Any CPU.ActiveCfg = Debug|Any CPU
		{DC3F5BCE-A7A9-4991-B86C-07273C817D4E}.Debug|Any CPU.Build.0 = Debug|Any CPU
		{DC3F5BCE-A7A9-4991-B86C-07273C817D4E}.Debug|x64.ActiveCfg = Debug|Any CPU
		{DC3F5BCE-A7A9-4991-B86C-07273C817D4E}.Debug|x64.Build.0 = Debug|Any CPU
		{DC3F5BCE-A7A9-4991-B86C-07273C817D4E}.Debug|x86.ActiveCfg = Debug|Any CPU
		{DC3F5BCE-A7A9-4991-B86C-07273C817D4E}.Debug|x86.Build.0 = Debug|Any CPU
		{DC3F5BCE-A7A9-4991-B86C-07273C817D4E}.Release|Any CPU.ActiveCfg = Release|Any CPU
		{DC3F5BCE-A7A9-4991-B86C-07273C817D4E}.Release|Any CPU.Build.0 = Release|Any CPU
		{DC3F5BCE-A7A9-4991-B86C-07273C817D4E}.Release|x64.ActiveCfg = Release|Any CPU
		{DC3F5BCE-A7A9-4991-B86C-07273C817D4E}.Release|x64.Build.0 = Release|Any CPU
		{DC3F5BCE-A7A9-4991-B86C-07273C817D4E}.Release|x86.ActiveCfg = Release|Any CPU
		{DC3F5BCE-A7A9-4991-B86C-07273C817D4E}.Release|x86.Build.0 = Release|Any CPU
		{BD6CA5DC-E552-451F-BFA2-74F0C70B01A2}.Debug|Any CPU.ActiveCfg = Debug|Any CPU
		{BD6CA5DC-E552-451F-BFA2-74F0C70B01A2}.Debug|Any CPU.Build.0 = Debug|Any CPU
		{BD6CA5DC-E552-451F-BFA2-74F0C70B01A2}.Debug|x64.ActiveCfg = Debug|Any CPU
		{BD6CA5DC-E552-451F-BFA2-74F0C70B01A2}.Debug|x64.Build.0 = Debug|Any CPU
		{BD6CA5DC-E552-451F-BFA2-74F0C70B01A2}.Debug|x86.ActiveCfg = Debug|Any CPU
		{BD6CA5DC-E552-451F-BFA2-74F0C70B01A2}.Debug|x86.Build.0 = Debug|Any CPU
		{BD6CA5DC-E552-451F-BFA2-74F0C70B01A2}.Release|Any CPU.ActiveCfg = Release|Any CPU
		{BD6CA5DC-E552-451F-BFA2-74F0C70B01A2}.Release|Any CPU.Build.0 = Release|Any CPU
		{BD6CA5DC-E552-451F-BFA2-74F0C70B01A2}.Release|x64.ActiveCfg = Release|Any CPU
		{BD6CA5DC-E552-451F-BFA2-74F0C70B01A2}.Release|x64.Build.0 = Release|Any CPU
		{BD6CA5DC-E552-451F-BFA2-74F0C70B01A2}.Release|x86.ActiveCfg = Release|Any CPU
		{BD6CA5DC-E552-451F-BFA2-74F0C70B01A2}.Release|x86.Build.0 = Release|Any CPU
		{E8D3F5B1-A9E9-4F91-B86C-07273C817D4E}.Debug|Any CPU.ActiveCfg = Debug|Any CPU
		{E8D3F5B1-A9E9-4F91-B86C-07273C817D4E}.Debug|Any CPU.Build.0 = Debug|Any CPU
		{E8D3F5B1-A9E9-4F91-B86C-07273C817D4E}.Debug|x64.ActiveCfg = Debug|Any CPU
		{E8D3F5B1-A9E9-4F91-B86C-07273C817D4E}.Debug|x64.Build.0 = Debug|Any CPU
		{E8D3F5B1-A9E9-4F91-B86C-07273C817D4E}.Debug|x86.ActiveCfg = Debug|Any CPU
		{E8D3F5B1-A9E9-4F91-B86C-07273C817D4E}.Debug|x86.Build.0 = Debug|Any CPU
		{E8D3F5B1-A9E9-4F91-B86C-07273C817D4E}.Release|Any CPU.ActiveCfg = Release|Any CPU
		{E8D3F5B1-A9E9-4F91-B86C-07273C817D4E}.Release|Any CPU.Build.0 = Release|Any CPU
		{E8D3F5B1-A9E9-4F91-B86C-07273C817D4E}.Release|x64.ActiveCfg = Release|Any CPU
		{E8D3F5B1-A9E9-4F91-B86C-07273C817D4E}.Release|x64.Build.0 = Release|Any CPU
		{E8D3F5B1-A9E9-4F91-B86C-07273C817D4E}.Release|x86.ActiveCfg = Release|Any CPU
		{E8D3F5B1-A9E9-4F91-B86C-07273C817D4E}.Release|x86.Build.0 = Release|Any CPU
	EndGlobalSection
	GlobalSection(SolutionProperties) = preSolution
		HideSolutionNode = FALSE
	EndGlobalSection
	GlobalSection(ExtensibilityGlobals) = postSolution
		SolutionGuid = {0A87B38C-AB42-45A1-AC59-B736FE192F11}
	EndGlobalSection
EndGlobal
